
Microsoft Visual Studio Solution File, Format Version 12.00
# Visual Studio Version 18
VisualStudioVersion = 18.4.11506.43 insiders
MinimumVisualStudioVersion = 10.0.40219.1
Project("{9A19103F-16F7-4668-BE54-9A1E7A4F7556}") = "PDFiumZBindingsGenerator", "PDFiumZBindingsGenerator\PDFiumZBindingsGenerator.csproj", "{E7E472C6-A024-4CA9-BB40-90538B6D9781}"
EndProject
Project("{9A19103F-16F7-4668-BE54-9A1E7A4F7556}") = "PDFiumZ", "PDFiumZ\PDFiumZ.csproj", "{95F93950-EFB7-47DA-B539-DFB28155F39B}"
EndProject
Project("{2150E333-8FDC-42A3-9474-1A3956D46DE8}") = "Solution Items", "Solution Items", "{BC610BB3-8A83-44D2-A217-54B918CCA828}"
	ProjectSection(SolutionItems) = preProject
		Directory.Build.props = Directory.Build.props
	EndProjectSection
EndProject
Project("{9A19103F-16F7-4668-BE54-9A1E7A4F7556}") = "PDFiumZ.Tests", "PDFiumZ.Tests\PDFiumZ.Tests.csproj", "{FE6A591C-F07C-40BD-B2BE-99782697A98F}"
EndProject
Project("{FAE04EC0-301F-11D3-BF4B-00C04F79EFBC}") = "PDFiumZDemo", "PDFiumZDemo\PDFiumZDemo.csproj", "{2B264058-A177-4C51-A2F6-7CD2E8C40AB2}"
EndProject
Project("{FAE04EC0-301F-11D3-BF4B-00C04F79EFBC}") = "PDFiumZ.HighLevel", "PDFiumZ.HighLevel\PDFiumZ.HighLevel.csproj", "{1109268D-B0ED-46A6-917F-B408CEAE7EB6}"
EndProject
Project("{FAE04EC0-301F-11D3-BF4B-00C04F79EFBC}") = "PDFiumZDemo.SkiaSharp", "PDFiumZDemo.SkiaSharp\PDFiumZDemo.SkiaSharp.csproj", "{1457F204-93A8-47A7-9CBA-1B01B3A731B7}"
EndProject
Project("{FAE04EC0-301F-11D3-BF4B-00C04F79EFBC}") = "PDFiumZDemo.Console", "PDFiumZDemo.Console\PDFiumZDemo.Console.csproj", "{8D1C9491-6088-4AF9-86A2-E45E264315A2}"
EndProject
Global
	GlobalSection(SolutionConfigurationPlatforms) = preSolution
		Debug|Any CPU = Debug|Any CPU
		Debug|x64 = Debug|x64
		Debug|x86 = Debug|x86
		Release|Any CPU = Release|Any CPU
		Release|x64 = Release|x64
		Release|x86 = Release|x86
	EndGlobalSection
	GlobalSection(ProjectConfigurationPlatforms) = postSolution
		{E7E472C6-A024-4CA9-BB40-90538B6D9781}.Debug|Any CPU.ActiveCfg = Debug|Any CPU
		{E7E472C6-A024-4CA9-BB40-90538B6D9781}.Debug|Any CPU.Build.0 = Debug|Any CPU
		{E7E472C6-A024-4CA9-BB40-90538B6D9781}.Debug|x64.ActiveCfg = Debug|Any CPU
		{E7E472C6-A024-4CA9-BB40-90538B6D9781}.Debug|x64.Build.0 = Debug|Any CPU
		{E7E472C6-A024-4CA9-BB40-90538B6D9781}.Debug|x86.ActiveCfg = Debug|Any CPU
		{E7E472C6-A024-4CA9-BB40-90538B6D9781}.Debug|x86.Build.0 = Debug|Any CPU
		{E7E472C6-A024-4CA9-BB40-90538B6D9781}.Release|Any CPU.ActiveCfg = Release|Any CPU
		{E7E472C6-A024-4CA9-BB40-90538B6D9781}.Release|Any CPU.Build.0 = Release|Any CPU
		{E7E472C6-A024-4CA9-BB40-90538B6D9781}.Release|x64.ActiveCfg = Release|Any CPU
		{E7E472C6-A024-4CA9-BB40-90538B6D9781}.Release|x64.Build.0 = Release|Any CPU
		{E7E472C6-A024-4CA9-BB40-90538B6D9781}.Release|x86.ActiveCfg = Release|Any CPU
		{E7E472C6-A024-4CA9-BB40-90538B6D9781}.Release|x86.Build.0 = Release|Any CPU
		{95F93950-EFB7-47DA-B539-DFB28155F39B}.Debug|Any CPU.ActiveCfg = Debug|Any CPU
		{95F93950-EFB7-47DA-B539-DFB28155F39B}.Debug|Any CPU.Build.0 = Debug|Any CPU
		{95F93950-EFB7-47DA-B539-DFB28155F39B}.Debug|x64.ActiveCfg = Debug|Any CPU
		{95F93950-EFB7-47DA-B539-DFB28155F39B}.Debug|x64.Build.0 = Debug|Any CPU
		{95F93950-EFB7-47DA-B539-DFB28155F39B}.Debug|x86.ActiveCfg = Debug|Any CPU
		{95F93950-EFB7-47DA-B539-DFB28155F39B}.Debug|x86.Build.0 = Debug|Any CPU
		{95F93950-EFB7-47DA-B539-DFB28155F39B}.Release|Any CPU.ActiveCfg = Release|Any CPU
		{95F93950-EFB7-47DA-B539-DFB28155F39B}.Release|Any CPU.Build.0 = Release|Any CPU
		{95F93950-EFB7-47DA-B539-DFB28155F39B}.Release|x64.ActiveCfg = Release|Any CPU
		{95F93950-EFB7-47DA-B539-DFB28155F39B}.Release|x64.Build.0 = Release|Any CPU
		{95F93950-EFB7-47DA-B539-DFB28155F39B}.Release|x86.ActiveCfg = Release|Any CPU
		{95F93950-EFB7-47DA-B539-DFB28155F39B}.Release|x86.Build.0 = Release|Any CPU
		{FE6A591C-F07C-40BD-B2BE-99782697A98F}.Debug|Any CPU.ActiveCfg = Debug|Any CPU
		{FE6A591C-F07C-40BD-B2BE-99782697A98F}.Debug|Any CPU.Build.0 = Debug|Any CPU
		{FE6A591C-F07C-40BD-B2BE-99782697A98F}.Debug|x64.ActiveCfg = Debug|Any CPU
		{FE6A591C-F07C-40BD-B2BE-99782697A98F}.Debug|x64.Build.0 = Debug|Any CPU
		{FE6A591C-F07C-40BD-B2BE-99782697A98F}.Debug|x86.ActiveCfg = Debug|Any CPU
		{FE6A591C-F07C-40BD-B2BE-99782697A98F}.Debug|x86.Build.0 = Debug|Any CPU
		{FE6A591C-F07C-40BD-B2BE-99782697A98F}.Release|Any CPU.ActiveCfg = Release|Any CPU
		{FE6A591C-F07C-40BD-B2BE-99782697A98F}.Release|Any CPU.Build.0 = Release|Any CPU
		{FE6A591C-F07C-40BD-B2BE-99782697A98F}.Release|x64.ActiveCfg = Release|Any CPU
		{FE6A591C-F07C-40BD-B2BE-99782697A98F}.Release|x64.Build.0 = Release|Any CPU
		{FE6A591C-F07C-40BD-B2BE-99782697A98F}.Release|x86.ActiveCfg = Release|Any CPU
		{FE6A591C-F07C-40BD-B2BE-99782697A98F}.Release|x86.Build.0 = Release|Any CPU
		{2B264058-A177-4C51-A2F6-7CD2E8C40AB2}.Debug|Any CPU.ActiveCfg = Debug|Any CPU
		{2B264058-A177-4C51-A2F6-7CD2E8C40AB2}.Debug|Any CPU.Build.0 = Debug|Any CPU
		{2B264058-A177-4C51-A2F6-7CD2E8C40AB2}.Debug|x64.ActiveCfg = Debug|Any CPU
		{2B264058-A177-4C51-A2F6-7CD2E8C40AB2}.Debug|x64.Build.0 = Debug|Any CPU
		{2B264058-A177-4C51-A2F6-7CD2E8C40AB2}.Debug|x86.ActiveCfg = Debug|Any CPU
		{2B264058-A177-4C51-A2F6-7CD2E8C40AB2}.Debug|x86.Build.0 = Debug|Any CPU
		{2B264058-A177-4C51-A2F6-7CD2E8C40AB2}.Release|Any CPU.ActiveCfg = Release|Any CPU
		{2B264058-A177-4C51-A2F6-7CD2E8C40AB2}.Release|Any CPU.Build.0 = Release|Any CPU
		{2B264058-A177-4C51-A2F6-7CD2E8C40AB2}.Release|x64.ActiveCfg = Release|Any CPU
		{2B264058-A177-4C51-A2F6-7CD2E8C40AB2}.Release|x64.Build.0 = Release|Any CPU
		{2B264058-A177-4C51-A2F6-7CD2E8C40AB2}.Release|x86.ActiveCfg = Release|Any CPU
		{2B264058-A177-4C51-A2F6-7CD2E8C40AB2}.Release|x86.Build.0 = Release|Any CPU
		{1109268D-B0ED-46A6-917F-B408CEAE7EB6}.Debug|Any CPU.ActiveCfg = Debug|Any CPU
		{1109268D-B0ED-46A6-917F-B408CEAE7EB6}.Debug|Any CPU.Build.0 = Debug|Any CPU
		{1109268D-B0ED-46A6-917F-B408CEAE7EB6}.Debug|x64.ActiveCfg = Debug|Any CPU
		{1109268D-B0ED-46A6-917F-B408CEAE7EB6}.Debug|x64.Build.0 = Debug|Any CPU
		{1109268D-B0ED-46A6-917F-B408CEAE7EB6}.Debug|x86.ActiveCfg = Debug|Any CPU
		{1109268D-B0ED-46A6-917F-B408CEAE7EB6}.Debug|x86.Build.0 = Debug|Any CPU
		{1109268D-B0ED-46A6-917F-B408CEAE7EB6}.Release|Any CPU.ActiveCfg = Release|Any CPU
		{1109268D-B0ED-46A6-917F-B408CEAE7EB6}.Release|Any CPU.Build.0 = Release|Any CPU
		{1109268D-B0ED-46A6-917F-B408CEAE7EB6}.Release|x64.ActiveCfg = Release|Any CPU
		{1109268D-B0ED-46A6-917F-B408CEAE7EB6}.Release|x64.Build.0 = Release|Any CPU
		{1109268D-B0ED-46A6-917F-B408CEAE7EB6}.Release|x86.ActiveCfg = Release|Any CPU
		{1109268D-B0ED-46A6-917F-B408CEAE7EB6}.Release|x86.Build.0 = Release|Any CPU
		{1457F204-93A8-47A7-9CBA-1B01B3A731B7}.Debug|Any CPU.ActiveCfg = Debug|Any CPU
		{1457F204-93A8-47A7-9CBA-1B01B3A731B7}.Debug|Any CPU.Build.0 = Debug|Any CPU
		{1457F204-93A8-47A7-9CBA-1B01B3A731B7}.Debug|x64.ActiveCfg = Debug|Any CPU
		{1457F204-93A8-47A7-9CBA-1B01B3A731B7}.Debug|x64.Build.0 = Debug|Any CPU
		{1457F204-93A8-47A7-9CBA-1B01B3A731B7}.Debug|x86.ActiveCfg = Debug|Any CPU
		{1457F204-93A8-47A7-9CBA-1B01B3A731B7}.Debug|x86.Build.0 = Debug|Any CPU
		{1457F204-93A8-47A7-9CBA-1B01B3A731B7}.Release|Any CPU.ActiveCfg = Release|Any CPU
		{1457F204-93A8-47A7-9CBA-1B01B3A731B7}.Release|Any CPU.Build.0 = Release|Any CPU
		{1457F204-93A8-47A7-9CBA-1B01B3A731B7}.Release|x64.ActiveCfg = Release|Any CPU
		{1457F204-93A8-47A7-9CBA-1B01B3A731B7}.Release|x64.Build.0 = Release|Any CPU
		{1457F204-93A8-47A7-9CBA-1B01B3A731B7}.Release|x86.ActiveCfg = Release|Any CPU
		{1457F204-93A8-47A7-9CBA-1B01B3A731B7}.Release|x86.Build.0 = Release|Any CPU
		{8D1C9491-6088-4AF9-86A2-E45E264315A2}.Debug|Any CPU.ActiveCfg = Debug|Any CPU
		{8D1C9491-6088-4AF9-86A2-E45E264315A2}.Debug|Any CPU.Build.0 = Debug|Any CPU
		{8D1C9491-6088-4AF9-86A2-E45E264315A2}.Debug|x64.ActiveCfg = Debug|Any CPU
		{8D1C9491-6088-4AF9-86A2-E45E264315A2}.Debug|x64.Build.0 = Debug|Any CPU
		{8D1C9491-6088-4AF9-86A2-E45E264315A2}.Debug|x86.ActiveCfg = Debug|Any CPU
		{8D1C9491-6088-4AF9-86A2-E45E264315A2}.Debug|x86.Build.0 = Debug|Any CPU
		{8D1C9491-6088-4AF9-86A2-E45E264315A2}.Release|Any CPU.ActiveCfg = Release|Any CPU
		{8D1C9491-6088-4AF9-86A2-E45E264315A2}.Release|Any CPU.Build.0 = Release|Any CPU
		{8D1C9491-6088-4AF9-86A2-E45E264315A2}.Release|x64.ActiveCfg = Release|Any CPU
		{8D1C9491-6088-4AF9-86A2-E45E264315A2}.Release|x64.Build.0 = Release|Any CPU
		{8D1C9491-6088-4AF9-86A2-E45E264315A2}.Release|x86.ActiveCfg = Release|Any CPU
		{8D1C9491-6088-4AF9-86A2-E45E264315A2}.Release|x86.Build.0 = Release|Any CPU
	EndGlobalSection
	GlobalSection(SolutionProperties) = preSolution
		HideSolutionNode = FALSE
	EndGlobalSection
	GlobalSection(ExtensibilityGlobals) = postSolution
		SolutionGuid = {7762582E-0386-40D3-8B62-690FA06D560E}
	EndGlobalSection
EndGlobal
